{
  "name": "walrus",
  "version": "1.0.15",
  "lockfileVersion": 3,
  "requires": true,
  "packages": {
    "": {
      "name": "walrus",
      "version": "1.0.15",
      "license": "ISC",
      "devDependencies": {
        "@types/node": "^16.11.7",
        "@types/vscode": "^1.85.0",
        "typescript": "^4.9.5",
        "vscode-languageclient": "^7.0.0"
      },
      "engines": {
        "vscode": "^1.85.0"
      }
    },
    "node_modules/.pnpm/@types+node@16.18.126/node_modules/@types/node": {
      "version": "16.18.126",
      "dev": true,
      "license": "MIT"
    },
    "node_modules/.pnpm/@types+vscode@1.97.0/node_modules/@types/vscode": {
      "version": "1.97.0",
      "dev": true,
      "license": "MIT"
    },
    "node_modules/.pnpm/balanced-match@1.0.2/node_modules/balanced-match": {
      "version": "1.0.2",
      "extraneous": true,
      "license": "MIT",
      "devDependencies": {
        "matcha": "^0.7.0",
        "tape": "^4.6.0"
      }
    },
    "node_modules/.pnpm/brace-expansion@1.1.11": {
      "extraneous": true
    },
    "node_modules/.pnpm/concat-map@0.0.1/node_modules/concat-map": {
      "version": "0.0.1",
      "extraneous": true,
      "license": "MIT",
      "devDependencies": {
        "tape": "~2.4.0"
      }
    },
    "node_modules/.pnpm/minimatch@3.1.2": {
      "extraneous": true
    },
    "node_modules/.pnpm/semver@7.7.1/node_modules/semver": {
      "version": "7.7.1",
      "extraneous": true,
      "license": "ISC",
      "bin": {
        "semver": "bin/semver.js"
      },
      "devDependencies": {
        "@npmcli/eslint-config": "^5.0.0",
        "@npmcli/template-oss": "4.23.4",
        "benchmark": "^2.1.4",
        "tap": "^16.0.0"
      },
      "engines": {
        "node": ">=10"
      }
    },
    "node_modules/.pnpm/typescript@4.9.5": {
      "dev": true
    },
    "node_modules/.pnpm/typescript@4.9.5/node_modules/typescript": {
      "version": "4.9.5",
      "dev": true,
      "license": "Apache-2.0",
      "bin": {
        "tsc": "bin/tsc",
        "tsserver": "bin/tsserver"
      },
      "engines": {
        "node": ">=4.2.0"
      }
    },
    "node_modules/.pnpm/vscode-jsonrpc@6.0.0/node_modules/vscode-jsonrpc": {
      "version": "6.0.0",
      "dev": true,
      "license": "MIT",
      "devDependencies": {
        "@types/msgpack-lite": "^0.1.7",
        "msgpack-lite": "^0.1.26"
      },
      "engines": {
        "node": ">=8.0.0 || >=10.0.0"
      }
    },
    "node_modules/.pnpm/vscode-languageclient@7.0.0": {
      "dev": true
    },
    "node_modules/.pnpm/vscode-languageclient@7.0.0/node_modules/vscode-languageclient": {
      "version": "7.0.0",
      "dev": true,
      "license": "MIT",
      "dependencies": {
        "minimatch": "^3.0.4",
        "semver": "^7.3.4",
        "vscode-languageserver-protocol": "3.16.0"
      },
      "engines": {
        "vscode": "^1.52.0"
      }
    },
    "node_modules/.pnpm/vscode-languageclient@7.0.0/node_modules/vscode-languageserver-protocol": {
      "resolved": "node_modules/.pnpm/vscode-languageserver-protocol@3.16.0/node_modules/vscode-languageserver-protocol",
      "link": true
    },
    "node_modules/.pnpm/vscode-languageserver-protocol@3.16.0": {
      "dev": true
    },
    "node_modules/.pnpm/vscode-languageserver-protocol@3.16.0/node_modules/vscode-jsonrpc": {
      "resolved": "node_modules/.pnpm/vscode-jsonrpc@6.0.0/node_modules/vscode-jsonrpc",
      "link": true
    },
    "node_modules/.pnpm/vscode-languageserver-protocol@3.16.0/node_modules/vscode-languageserver-protocol": {
      "version": "3.16.0",
      "dev": true,
      "license": "MIT",
      "dependencies": {
        "vscode-jsonrpc": "6.0.0",
        "vscode-languageserver-types": "3.16.0"
      }
    },
    "node_modules/.pnpm/vscode-languageserver-protocol@3.16.0/node_modules/vscode-languageserver-types": {
      "resolved": "node_modules/.pnpm/vscode-languageserver-types@3.16.0/node_modules/vscode-languageserver-types",
      "link": true
    },
    "node_modules/.pnpm/vscode-languageserver-types@3.16.0/node_modules/vscode-languageserver-types": {
      "version": "3.16.0",
      "dev": true,
      "license": "MIT"
    },
    "node_modules/@types/msgpack-lite": {
      "version": "0.1.11",
      "resolved": "https://registry.npmjs.org/@types/msgpack-lite/-/msgpack-lite-0.1.11.tgz",
      "integrity": "sha512-cdCZS/gw+jIN22I4SUZUFf1ZZfVv5JM1//Br/MuZcI373sxiy3eSSoiyLu0oz+BPatTbGGGBO5jrcvd0siCdTQ==",
      "dev": true,
      "license": "MIT",
      "dependencies": {
        "@types/node": "*"
      }
    },
    "node_modules/@types/node": {
      "resolved": "node_modules/.pnpm/@types+node@16.18.126/node_modules/@types/node",
      "link": true
    },
    "node_modules/@types/vscode": {
      "resolved": "node_modules/.pnpm/@types+vscode@1.97.0/node_modules/@types/vscode",
      "link": true
    },
    "node_modules/balanced-match": {
      "version": "1.0.2",
      "resolved": "https://registry.npmjs.org/balanced-match/-/balanced-match-1.0.2.tgz",
      "integrity": "sha512-3oSeUO0TMV67hN1AmbXsK4yaqU7tjiHlbxRDZOpH0KW9+CeX4bRAaX0Anxt0tx2MrpRpWwQaPwIlISEJhYU5Pw==",
      "dev": true,
      "license": "MIT"
    },
    "node_modules/brace-expansion": {
      "version": "1.1.11",
      "resolved": "https://registry.npmjs.org/brace-expansion/-/brace-expansion-1.1.11.tgz",
      "integrity": "sha512-iCuPHDFgrHX7H2vEI/5xpz07zSHB00TpugqhmYtVmMO6518mCuRMoOYFldEBl0g187ufozdaHgWKcYFb61qGiA==",
      "dev": true,
      "license": "MIT",
      "dependencies": {
        "balanced-match": "^1.0.0",
        "concat-map": "0.0.1"
      }
    },
    "node_modules/concat-map": {
      "version": "0.0.1",
      "resolved": "https://registry.npmjs.org/concat-map/-/concat-map-0.0.1.tgz",
      "integrity": "sha512-/Srv4dswyQNBfohGpz9o6Yb3Gz3SrUDqBH5rTuhGR7ahtlbYKnVxw2bCFMRljaA7EXHaXZ8wsHdodFvbkhKmqg==",
      "dev": true,
      "license": "MIT"
    },
    "node_modules/event-lite": {
      "version": "0.1.3",
      "resolved": "https://registry.npmjs.org/event-lite/-/event-lite-0.1.3.tgz",
      "integrity": "sha512-8qz9nOz5VeD2z96elrEKD2U433+L3DWdUdDkOINLGOJvx1GsMBbMn0aCeu28y8/e85A6mCigBiFlYMnTBEGlSw==",
      "dev": true,
      "license": "MIT"
    },
    "node_modules/ieee754": {
      "version": "1.2.1",
      "resolved": "https://registry.npmjs.org/ieee754/-/ieee754-1.2.1.tgz",
      "integrity": "sha512-dcyqhDvX1C46lXZcVqCpK+FtMRQVdIMN6/Df5js2zouUsqG7I6sFxitIC+7KYK29KdXOLHdu9zL4sFnoVQnqaA==",
      "dev": true,
      "funding": [
        {
          "type": "github",
          "url": "https://github.com/sponsors/feross"
        },
        {
          "type": "patreon",
          "url": "https://www.patreon.com/feross"
        },
        {
          "type": "consulting",
          "url": "https://feross.org/support"
        }
      ],
      "license": "BSD-3-Clause"
    },
    "node_modules/int64-buffer": {
      "version": "0.1.10",
      "resolved": "https://registry.npmjs.org/int64-buffer/-/int64-buffer-0.1.10.tgz",
      "integrity": "sha512-v7cSY1J8ydZ0GyjUHqF+1bshJ6cnEVLo9EnjB8p+4HDRPZc9N5jjmvUV7NvEsqQOKyH0pmIBFWXVQbiS0+OBbA==",
      "dev": true,
      "license": "MIT"
    },
    "node_modules/isarray": {
      "version": "1.0.0",
      "resolved": "https://registry.npmjs.org/isarray/-/isarray-1.0.0.tgz",
      "integrity": "sha512-VLghIWNM6ELQzo7zwmcg0NmTVyWKYjvIeM83yjp0wRDTmUnrM678fQbcKBo6n2CJEF0szoG//ytg+TKla89ALQ==",
      "dev": true,
      "license": "MIT"
    },
    "node_modules/minimatch": {
      "version": "3.1.2",
      "resolved": "https://registry.npmjs.org/minimatch/-/minimatch-3.1.2.tgz",
      "integrity": "sha512-J7p63hRiAjw1NDEww1W7i37+ByIrOWO5XQQAzZ3VOcL0PNybwpfmV/N05zFAzwQ9USyEcX6t3UO+K5aqBQOIHw==",
      "dev": true,
      "license": "ISC",
      "dependencies": {
        "brace-expansion": "^1.1.7"
      },
      "engines": {
        "node": "*"
      }
    },
    "node_modules/msgpack-lite": {
      "version": "0.1.26",
      "resolved": "https://registry.npmjs.org/msgpack-lite/-/msgpack-lite-0.1.26.tgz",
      "integrity": "sha512-SZ2IxeqZ1oRFGo0xFGbvBJWMp3yLIY9rlIJyxy8CGrwZn1f0ZK4r6jV/AM1r0FZMDUkWkglOk/eeKIL9g77Nxw==",
      "dev": true,
      "license": "MIT",
      "dependencies": {
        "event-lite": "^0.1.1",
        "ieee754": "^1.1.8",
        "int64-buffer": "^0.1.9",
        "isarray": "^1.0.0"
      },
      "bin": {
        "msgpack": "bin/msgpack"
      }
    },
    "node_modules/semver": {
      "version": "7.7.1",
      "resolved": "https://registry.npmjs.org/semver/-/semver-7.7.1.tgz",
      "integrity": "sha512-hlq8tAfn0m/61p4BVRcPzIGr6LKiMwo4VM6dGi6pt4qcRkmNzTcWq6eCEjEh+qXjkMDvPlOFFSGwQjoEa6gyMA==",
      "dev": true,
      "license": "ISC",
      "bin": {
        "semver": "bin/semver.js"
      },
      "engines": {
        "node": ">=10"
      }
    },
    "node_modules/typescript": {
      "resolved": "node_modules/.pnpm/typescript@4.9.5/node_modules/typescript",
      "link": true
    },
    "node_modules/vscode-languageclient": {
      "resolved": "node_modules/.pnpm/vscode-languageclient@7.0.0/node_modules/vscode-languageclient",
      "link": true
    }
  }
}
